
Microsoft Visual Studio Solution File, Format Version 12.00
# Visual Studio 15
VisualStudioVersion = 15.0.26730.12
MinimumVisualStudioVersion = 10.0.40219.1
Project("{FAE04EC0-301F-11D3-BF4B-00C04F79EFBC}") = "InterF.Droid", "InterF.Droid\InterF.Droid.csproj", "{D1EBC82E-335F-4ABA-8F00-7DE2F658965B}"
EndProject
Project("{9A19103F-16F7-4668-BE54-9A1E7A4F7556}") = "InterF.Core", "InterF.Core\InterF.Core.csproj", "{3A8115B3-7B7F-4F2A-A808-BD041E7235CC}"
EndProject
Project("{FAE04EC0-301F-11D3-BF4B-00C04F79EFBC}") = "InterF.iOS", "InterF.iOS\InterF.iOS.csproj", "{E9EC9AA2-BF8F-4270-9195-BB69111FE46D}"
EndProject
Project("{FAE04EC0-301F-11D3-BF4B-00C04F79EFBC}") = "InterF.UWP", "InterF.UWP\InterF.UWP.csproj", "{B6CB1FF1-0858-4B9D-BBC9-F807F6089EC7}"
EndProject
Project("{FAE04EC0-301F-11D3-BF4B-00C04F79EFBC}") = "InterF.WPF", "InterF.WPF\InterF.WPF.csproj", "{460FEC1A-CDB5-493D-9778-76A3158F7845}"
EndProject
Global
	GlobalSection(SolutionConfigurationPlatforms) = preSolution
		Ad-Hoc|Any CPU = Ad-Hoc|Any CPU
		Ad-Hoc|ARM = Ad-Hoc|ARM
		Ad-Hoc|iPhone = Ad-Hoc|iPhone
		Ad-Hoc|iPhoneSimulator = Ad-Hoc|iPhoneSimulator
		Ad-Hoc|x64 = Ad-Hoc|x64
		Ad-Hoc|x86 = Ad-Hoc|x86
		AppStore|Any CPU = AppStore|Any CPU
		AppStore|ARM = AppStore|ARM
		AppStore|iPhone = AppStore|iPhone
		AppStore|iPhoneSimulator = AppStore|iPhoneSimulator
		AppStore|x64 = AppStore|x64
		AppStore|x86 = AppStore|x86
		Debug|Any CPU = Debug|Any CPU
		Debug|ARM = Debug|ARM
		Debug|iPhone = Debug|iPhone
		Debug|iPhoneSimulator = Debug|iPhoneSimulator
		Debug|x64 = Debug|x64
		Debug|x86 = Debug|x86
		Release|Any CPU = Release|Any CPU
		Release|ARM = Release|ARM
		Release|iPhone = Release|iPhone
		Release|iPhoneSimulator = Release|iPhoneSimulator
		Release|x64 = Release|x64
		Release|x86 = Release|x86
	EndGlobalSection
	GlobalSection(ProjectConfigurationPlatforms) = postSolution
		{D1EBC82E-335F-4ABA-8F00-7DE2F658965B}.Ad-Hoc|Any CPU.ActiveCfg = Release|Any CPU
		{D1EBC82E-335F-4ABA-8F00-7DE2F658965B}.Ad-Hoc|Any CPU.Build.0 = Release|Any CPU
		{D1EBC82E-335F-4ABA-8F00-7DE2F658965B}.Ad-Hoc|Any CPU.Deploy.0 = Release|Any CPU
		{D1EBC82E-335F-4ABA-8F00-7DE2F658965B}.Ad-Hoc|ARM.ActiveCfg = Release|Any CPU
		{D1EBC82E-335F-4ABA-8F00-7DE2F658965B}.Ad-Hoc|ARM.Build.0 = Release|Any CPU
		{D1EBC82E-335F-4ABA-8F00-7DE2F658965B}.Ad-Hoc|ARM.Deploy.0 = Release|Any CPU
		{D1EBC82E-335F-4ABA-8F00-7DE2F658965B}.Ad-Hoc|iPhone.ActiveCfg = Release|Any CPU
		{D1EBC82E-335F-4ABA-8F00-7DE2F658965B}.Ad-Hoc|iPhone.Build.0 = Release|Any CPU
		{D1EBC82E-335F-4ABA-8F00-7DE2F658965B}.Ad-Hoc|iPhone.Deploy.0 = Release|Any CPU
		{D1EBC82E-335F-4ABA-8F00-7DE2F658965B}.Ad-Hoc|iPhoneSimulator.ActiveCfg = Release|Any CPU
		{D1EBC82E-335F-4ABA-8F00-7DE2F658965B}.Ad-Hoc|iPhoneSimulator.Build.0 = Release|Any CPU
		{D1EBC82E-335F-4ABA-8F00-7DE2F658965B}.Ad-Hoc|iPhoneSimulator.Deploy.0 = Release|Any CPU
		{D1EBC82E-335F-4ABA-8F00-7DE2F658965B}.Ad-Hoc|x64.ActiveCfg = Release|Any CPU
		{D1EBC82E-335F-4ABA-8F00-7DE2F658965B}.Ad-Hoc|x64.Build.0 = Release|Any CPU
		{D1EBC82E-335F-4ABA-8F00-7DE2F658965B}.Ad-Hoc|x64.Deploy.0 = Release|Any CPU
		{D1EBC82E-335F-4ABA-8F00-7DE2F658965B}.Ad-Hoc|x86.ActiveCfg = Release|Any CPU
		{D1EBC82E-335F-4ABA-8F00-7DE2F658965B}.Ad-Hoc|x86.Build.0 = Release|Any CPU
		{D1EBC82E-335F-4ABA-8F00-7DE2F658965B}.Ad-Hoc|x86.Deploy.0 = Release|Any CPU
		{D1EBC82E-335F-4ABA-8F00-7DE2F658965B}.AppStore|Any CPU.ActiveCfg = Release|Any CPU
		{D1EBC82E-335F-4ABA-8F00-7DE2F658965B}.AppStore|Any CPU.Build.0 = Release|Any CPU
		{D1EBC82E-335F-4ABA-8F00-7DE2F658965B}.AppStore|Any CPU.Deploy.0 = Release|Any CPU
		{D1EBC82E-335F-4ABA-8F00-7DE2F658965B}.AppStore|ARM.ActiveCfg = Release|Any CPU
		{D1EBC82E-335F-4ABA-8F00-7DE2F658965B}.AppStore|ARM.Build.0 = Release|Any CPU
		{D1EBC82E-335F-4ABA-8F00-7DE2F658965B}.AppStore|ARM.Deploy.0 = Release|Any CPU
		{D1EBC82E-335F-4ABA-8F00-7DE2F658965B}.AppStore|iPhone.ActiveCfg = Release|Any CPU
		{D1EBC82E-335F-4ABA-8F00-7DE2F658965B}.AppStore|iPhone.Build.0 = Release|Any CPU
		{D1EBC82E-335F-4ABA-8F00-7DE2F658965B}.AppStore|iPhone.Deploy.0 = Release|Any CPU
		{D1EBC82E-335F-4ABA-8F00-7DE2F658965B}.AppStore|iPhoneSimulator.ActiveCfg = Release|Any CPU
		{D1EBC82E-335F-4ABA-8F00-7DE2F658965B}.AppStore|iPhoneSimulator.Build.0 = Release|Any CPU
		{D1EBC82E-335F-4ABA-8F00-7DE2F658965B}.AppStore|iPhoneSimulator.Deploy.0 = Release|Any CPU
		{D1EBC82E-335F-4ABA-8F00-7DE2F658965B}.AppStore|x64.ActiveCfg = Release|Any CPU
		{D1EBC82E-335F-4ABA-8F00-7DE2F658965B}.AppStore|x64.Build.0 = Release|Any CPU
		{D1EBC82E-335F-4ABA-8F00-7DE2F658965B}.AppStore|x64.Deploy.0 = Release|Any CPU
		{D1EBC82E-335F-4ABA-8F00-7DE2F658965B}.AppStore|x86.ActiveCfg = Release|Any CPU
		{D1EBC82E-335F-4ABA-8F00-7DE2F658965B}.AppStore|x86.Build.0 = Release|Any CPU
		{D1EBC82E-335F-4ABA-8F00-7DE2F658965B}.AppStore|x86.Deploy.0 = Release|Any CPU
		{D1EBC82E-335F-4ABA-8F00-7DE2F658965B}.Debug|Any CPU.ActiveCfg = Debug|Any CPU
		{D1EBC82E-335F-4ABA-8F00-7DE2F658965B}.Debug|Any CPU.Build.0 = Debug|Any CPU
		{D1EBC82E-335F-4ABA-8F00-7DE2F658965B}.Debug|ARM.ActiveCfg = Debug|Any CPU
		{D1EBC82E-335F-4ABA-8F00-7DE2F658965B}.Debug|ARM.Build.0 = Debug|Any CPU
		{D1EBC82E-335F-4ABA-8F00-7DE2F658965B}.Debug|ARM.Deploy.0 = Debug|Any CPU
		{D1EBC82E-335F-4ABA-8F00-7DE2F658965B}.Debug|iPhone.ActiveCfg = Debug|Any CPU
		{D1EBC82E-335F-4ABA-8F00-7DE2F658965B}.Debug|iPhone.Build.0 = Debug|Any CPU
		{D1EBC82E-335F-4ABA-8F00-7DE2F658965B}.Debug|iPhone.Deploy.0 = Debug|Any CPU
		{D1EBC82E-335F-4ABA-8F00-7DE2F658965B}.Debug|iPhoneSimulator.ActiveCfg = Debug|Any CPU
		{D1EBC82E-335F-4ABA-8F00-7DE2F658965B}.Debug|iPhoneSimulator.Build.0 = Debug|Any CPU
		{D1EBC82E-335F-4ABA-8F00-7DE2F658965B}.Debug|iPhoneSimulator.Deploy.0 = Debug|Any CPU
		{D1EBC82E-335F-4ABA-8F00-7DE2F658965B}.Debug|x64.ActiveCfg = Debug|Any CPU
		{D1EBC82E-335F-4ABA-8F00-7DE2F658965B}.Debug|x64.Build.0 = Debug|Any CPU
		{D1EBC82E-335F-4ABA-8F00-7DE2F658965B}.Debug|x64.Deploy.0 = Debug|Any CPU
		{D1EBC82E-335F-4ABA-8F00-7DE2F658965B}.Debug|x86.ActiveCfg = Debug|Any CPU
		{D1EBC82E-335F-4ABA-8F00-7DE2F658965B}.Debug|x86.Build.0 = Debug|Any CPU
		{D1EBC82E-335F-4ABA-8F00-7DE2F658965B}.Debug|x86.Deploy.0 = Debug|Any CPU
		{D1EBC82E-335F-4ABA-8F00-7DE2F658965B}.Release|Any CPU.ActiveCfg = Release|Any CPU
		{D1EBC82E-335F-4ABA-8F00-7DE2F658965B}.Release|ARM.ActiveCfg = Release|Any CPU
		{D1EBC82E-335F-4ABA-8F00-7DE2F658965B}.Release|ARM.Build.0 = Release|Any CPU
		{D1EBC82E-335F-4ABA-8F00-7DE2F658965B}.Release|ARM.Deploy.0 = Release|Any CPU
		{D1EBC82E-335F-4ABA-8F00-7DE2F658965B}.Release|iPhone.ActiveCfg = Release|Any CPU
		{D1EBC82E-335F-4ABA-8F00-7DE2F658965B}.Release|iPhone.Build.0 = Release|Any CPU
		{D1EBC82E-335F-4ABA-8F00-7DE2F658965B}.Release|iPhone.Deploy.0 = Release|Any CPU
		{D1EBC82E-335F-4ABA-8F00-7DE2F658965B}.Release|iPhoneSimulator.ActiveCfg = Release|Any CPU
		{D1EBC82E-335F-4ABA-8F00-7DE2F658965B}.Release|iPhoneSimulator.Build.0 = Release|Any CPU
		{D1EBC82E-335F-4ABA-8F00-7DE2F658965B}.Release|iPhoneSimulator.Deploy.0 = Release|Any CPU
		{D1EBC82E-335F-4ABA-8F00-7DE2F658965B}.Release|x64.ActiveCfg = Release|Any CPU
		{D1EBC82E-335F-4ABA-8F00-7DE2F658965B}.Release|x64.Build.0 = Release|Any CPU
		{D1EBC82E-335F-4ABA-8F00-7DE2F658965B}.Release|x64.Deploy.0 = Release|Any CPU
		{D1EBC82E-335F-4ABA-8F00-7DE2F658965B}.Release|x86.ActiveCfg = Release|Any CPU
		{D1EBC82E-335F-4ABA-8F00-7DE2F658965B}.Release|x86.Build.0 = Release|Any CPU
		{D1EBC82E-335F-4ABA-8F00-7DE2F658965B}.Release|x86.Deploy.0 = Release|Any CPU
		{3A8115B3-7B7F-4F2A-A808-BD041E7235CC}.Ad-Hoc|Any CPU.ActiveCfg = Release|Any CPU
		{3A8115B3-7B7F-4F2A-A808-BD041E7235CC}.Ad-Hoc|Any CPU.Build.0 = Release|Any CPU
		{3A8115B3-7B7F-4F2A-A808-BD041E7235CC}.Ad-Hoc|ARM.ActiveCfg = Release|Any CPU
		{3A8115B3-7B7F-4F2A-A808-BD041E7235CC}.Ad-Hoc|ARM.Build.0 = Release|Any CPU
		{3A8115B3-7B7F-4F2A-A808-BD041E7235CC}.Ad-Hoc|iPhone.ActiveCfg = Release|Any CPU
		{3A8115B3-7B7F-4F2A-A808-BD041E7235CC}.Ad-Hoc|iPhone.Build.0 = Release|Any CPU
		{3A8115B3-7B7F-4F2A-A808-BD041E7235CC}.Ad-Hoc|iPhoneSimulator.ActiveCfg = Release|Any CPU
		{3A8115B3-7B7F-4F2A-A808-BD041E7235CC}.Ad-Hoc|iPhoneSimulator.Build.0 = Release|Any CPU
		{3A8115B3-7B7F-4F2A-A808-BD041E7235CC}.Ad-Hoc|x64.ActiveCfg = Release|Any CPU
		{3A8115B3-7B7F-4F2A-A808-BD041E7235CC}.Ad-Hoc|x64.Build.0 = Release|Any CPU
		{3A8115B3-7B7F-4F2A-A808-BD041E7235CC}.Ad-Hoc|x86.ActiveCfg = Release|Any CPU
		{3A8115B3-7B7F-4F2A-A808-BD041E7235CC}.Ad-Hoc|x86.Build.0 = Release|Any CPU
		{3A8115B3-7B7F-4F2A-A808-BD041E7235CC}.AppStore|Any CPU.ActiveCfg = Release|Any CPU
		{3A8115B3-7B7F-4F2A-A808-BD041E7235CC}.AppStore|Any CPU.Build.0 = Release|Any CPU
		{3A8115B3-7B7F-4F2A-A808-BD041E7235CC}.AppStore|ARM.ActiveCfg = Release|Any CPU
		{3A8115B3-7B7F-4F2A-A808-BD041E7235CC}.AppStore|ARM.Build.0 = Release|Any CPU
		{3A8115B3-7B7F-4F2A-A808-BD041E7235CC}.AppStore|iPhone.ActiveCfg = Release|Any CPU
		{3A8115B3-7B7F-4F2A-A808-BD041E7235CC}.AppStore|iPhone.Build.0 = Release|Any CPU
		{3A8115B3-7B7F-4F2A-A808-BD041E7235CC}.AppStore|iPhoneSimulator.ActiveCfg = Release|Any CPU
		{3A8115B3-7B7F-4F2A-A808-BD041E7235CC}.AppStore|iPhoneSimulator.Build.0 = Release|Any CPU
		{3A8115B3-7B7F-4F2A-A808-BD041E7235CC}.AppStore|x64.ActiveCfg = Release|Any CPU
		{3A8115B3-7B7F-4F2A-A808-BD041E7235CC}.AppStore|x64.Build.0 = Release|Any CPU
		{3A8115B3-7B7F-4F2A-A808-BD041E7235CC}.AppStore|x86.ActiveCfg = Release|Any CPU
		{3A8115B3-7B7F-4F2A-A808-BD041E7235CC}.AppStore|x86.Build.0 = Release|Any CPU
		{3A8115B3-7B7F-4F2A-A808-BD041E7235CC}.Debug|Any CPU.ActiveCfg = Debug|Any CPU
		{3A8115B3-7B7F-4F2A-A808-BD041E7235CC}.Debug|Any CPU.Build.0 = Debug|Any CPU
		{3A8115B3-7B7F-4F2A-A808-BD041E7235CC}.Debug|ARM.ActiveCfg = Debug|Any CPU
		{3A8115B3-7B7F-4F2A-A808-BD041E7235CC}.Debug|ARM.Build.0 = Debug|Any CPU
		{3A8115B3-7B7F-4F2A-A808-BD041E7235CC}.Debug|iPhone.ActiveCfg = Debug|Any CPU
		{3A8115B3-7B7F-4F2A-A808-BD041E7235CC}.Debug|iPhone.Build.0 = Debug|Any CPU
		{3A8115B3-7B7F-4F2A-A808-BD041E7235CC}.Debug|iPhoneSimulator.ActiveCfg = Debug|Any CPU
		{3A8115B3-7B7F-4F2A-A808-BD041E7235CC}.Debug|iPhoneSimulator.Build.0 = Debug|Any CPU
		{3A8115B3-7B7F-4F2A-A808-BD041E7235CC}.Debug|x64.ActiveCfg = Debug|Any CPU
		{3A8115B3-7B7F-4F2A-A808-BD041E7235CC}.Debug|x64.Build.0 = Debug|Any CPU
		{3A8115B3-7B7F-4F2A-A808-BD041E7235CC}.Debug|x86.ActiveCfg = Debug|Any CPU
		{3A8115B3-7B7F-4F2A-A808-BD041E7235CC}.Debug|x86.Build.0 = Debug|Any CPU
		{3A8115B3-7B7F-4F2A-A808-BD041E7235CC}.Release|Any CPU.ActiveCfg = Release|Any CPU
		{3A8115B3-7B7F-4F2A-A808-BD041E7235CC}.Release|ARM.ActiveCfg = Release|Any CPU
		{3A8115B3-7B7F-4F2A-A808-BD041E7235CC}.Release|ARM.Build.0 = Release|Any CPU
		{3A8115B3-7B7F-4F2A-A808-BD041E7235CC}.Release|iPhone.ActiveCfg = Release|Any CPU
		{3A8115B3-7B7F-4F2A-A808-BD041E7235CC}.Release|iPhone.Build.0 = Release|Any CPU
		{3A8115B3-7B7F-4F2A-A808-BD041E7235CC}.Release|iPhoneSimulator.ActiveCfg = Release|Any CPU
		{3A8115B3-7B7F-4F2A-A808-BD041E7235CC}.Release|iPhoneSimulator.Build.0 = Release|Any CPU
		{3A8115B3-7B7F-4F2A-A808-BD041E7235CC}.Release|x64.ActiveCfg = Release|Any CPU
		{3A8115B3-7B7F-4F2A-A808-BD041E7235CC}.Release|x64.Build.0 = Release|Any CPU
		{3A8115B3-7B7F-4F2A-A808-BD041E7235CC}.Release|x86.ActiveCfg = Release|Any CPU
		{3A8115B3-7B7F-4F2A-A808-BD041E7235CC}.Release|x86.Build.0 = Release|Any CPU
		{E9EC9AA2-BF8F-4270-9195-BB69111FE46D}.Ad-Hoc|Any CPU.ActiveCfg = Ad-Hoc|iPhone
		{E9EC9AA2-BF8F-4270-9195-BB69111FE46D}.Ad-Hoc|ARM.ActiveCfg = Ad-Hoc|iPhone
		{E9EC9AA2-BF8F-4270-9195-BB69111FE46D}.Ad-Hoc|iPhone.ActiveCfg = Ad-Hoc|iPhone
		{E9EC9AA2-BF8F-4270-9195-BB69111FE46D}.Ad-Hoc|iPhone.Build.0 = Ad-Hoc|iPhone
		{E9EC9AA2-BF8F-4270-9195-BB69111FE46D}.Ad-Hoc|iPhoneSimulator.ActiveCfg = Ad-Hoc|iPhoneSimulator
		{E9EC9AA2-BF8F-4270-9195-BB69111FE46D}.Ad-Hoc|iPhoneSimulator.Build.0 = Ad-Hoc|iPhoneSimulator
		{E9EC9AA2-BF8F-4270-9195-BB69111FE46D}.Ad-Hoc|x64.ActiveCfg = Ad-Hoc|iPhone
		{E9EC9AA2-BF8F-4270-9195-BB69111FE46D}.Ad-Hoc|x86.ActiveCfg = Ad-Hoc|iPhone
		{E9EC9AA2-BF8F-4270-9195-BB69111FE46D}.AppStore|Any CPU.ActiveCfg = AppStore|iPhone
		{E9EC9AA2-BF8F-4270-9195-BB69111FE46D}.AppStore|ARM.ActiveCfg = AppStore|iPhone
		{E9EC9AA2-BF8F-4270-9195-BB69111FE46D}.AppStore|iPhone.ActiveCfg = AppStore|iPhone
		{E9EC9AA2-BF8F-4270-9195-BB69111FE46D}.AppStore|iPhone.Build.0 = AppStore|iPhone
		{E9EC9AA2-BF8F-4270-9195-BB69111FE46D}.AppStore|iPhoneSimulator.ActiveCfg = AppStore|iPhoneSimulator
		{E9EC9AA2-BF8F-4270-9195-BB69111FE46D}.AppStore|iPhoneSimulator.Build.0 = AppStore|iPhoneSimulator
		{E9EC9AA2-BF8F-4270-9195-BB69111FE46D}.AppStore|x64.ActiveCfg = AppStore|iPhone
		{E9EC9AA2-BF8F-4270-9195-BB69111FE46D}.AppStore|x86.ActiveCfg = AppStore|iPhone
		{E9EC9AA2-BF8F-4270-9195-BB69111FE46D}.Debug|Any CPU.ActiveCfg = Debug|iPhoneSimulator
		{E9EC9AA2-BF8F-4270-9195-BB69111FE46D}.Debug|Any CPU.Build.0 = Debug|iPhoneSimulator
		{E9EC9AA2-BF8F-4270-9195-BB69111FE46D}.Debug|ARM.ActiveCfg = Debug|iPhone
		{E9EC9AA2-BF8F-4270-9195-BB69111FE46D}.Debug|iPhone.ActiveCfg = Debug|iPhone
		{E9EC9AA2-BF8F-4270-9195-BB69111FE46D}.Debug|iPhone.Build.0 = Debug|iPhone
		{E9EC9AA2-BF8F-4270-9195-BB69111FE46D}.Debug|iPhoneSimulator.ActiveCfg = Debug|iPhoneSimulator
		{E9EC9AA2-BF8F-4270-9195-BB69111FE46D}.Debug|iPhoneSimulator.Build.0 = Debug|iPhoneSimulator
		{E9EC9AA2-BF8F-4270-9195-BB69111FE46D}.Debug|x64.ActiveCfg = Debug|iPhone
		{E9EC9AA2-BF8F-4270-9195-BB69111FE46D}.Debug|x86.ActiveCfg = Debug|iPhone
		{E9EC9AA2-BF8F-4270-9195-BB69111FE46D}.Release|Any CPU.ActiveCfg = Release|iPhone
		{E9EC9AA2-BF8F-4270-9195-BB69111FE46D}.Release|ARM.ActiveCfg = Release|iPhone
		{E9EC9AA2-BF8F-4270-9195-BB69111FE46D}.Release|iPhone.ActiveCfg = Release|iPhone
		{E9EC9AA2-BF8F-4270-9195-BB69111FE46D}.Release|iPhone.Build.0 = Release|iPhone
		{E9EC9AA2-BF8F-4270-9195-BB69111FE46D}.Release|iPhoneSimulator.ActiveCfg = Release|iPhoneSimulator
		{E9EC9AA2-BF8F-4270-9195-BB69111FE46D}.Release|iPhoneSimulator.Build.0 = Release|iPhoneSimulator
		{E9EC9AA2-BF8F-4270-9195-BB69111FE46D}.Release|x64.ActiveCfg = Release|iPhone
		{E9EC9AA2-BF8F-4270-9195-BB69111FE46D}.Release|x86.ActiveCfg = Release|iPhone
		{B6CB1FF1-0858-4B9D-BBC9-F807F6089EC7}.Ad-Hoc|Any CPU.ActiveCfg = Release|x64
		{B6CB1FF1-0858-4B9D-BBC9-F807F6089EC7}.Ad-Hoc|Any CPU.Build.0 = Release|x64
		{B6CB1FF1-0858-4B9D-BBC9-F807F6089EC7}.Ad-Hoc|Any CPU.Deploy.0 = Release|x64
		{B6CB1FF1-0858-4B9D-BBC9-F807F6089EC7}.Ad-Hoc|ARM.ActiveCfg = Release|ARM
		{B6CB1FF1-0858-4B9D-BBC9-F807F6089EC7}.Ad-Hoc|ARM.Build.0 = Release|ARM
		{B6CB1FF1-0858-4B9D-BBC9-F807F6089EC7}.Ad-Hoc|ARM.Deploy.0 = Release|ARM
		{B6CB1FF1-0858-4B9D-BBC9-F807F6089EC7}.Ad-Hoc|iPhone.ActiveCfg = Release|x64
		{B6CB1FF1-0858-4B9D-BBC9-F807F6089EC7}.Ad-Hoc|iPhone.Build.0 = Release|x64
		{B6CB1FF1-0858-4B9D-BBC9-F807F6089EC7}.Ad-Hoc|iPhone.Deploy.0 = Release|x64
		{B6CB1FF1-0858-4B9D-BBC9-F807F6089EC7}.Ad-Hoc|iPhoneSimulator.ActiveCfg = Release|x64
		{B6CB1FF1-0858-4B9D-BBC9-F807F6089EC7}.Ad-Hoc|iPhoneSimulator.Build.0 = Release|x64
		{B6CB1FF1-0858-4B9D-BBC9-F807F6089EC7}.Ad-Hoc|iPhoneSimulator.Deploy.0 = Release|x64
		{B6CB1FF1-0858-4B9D-BBC9-F807F6089EC7}.Ad-Hoc|x64.ActiveCfg = Release|x64
		{B6CB1FF1-0858-4B9D-BBC9-F807F6089EC7}.Ad-Hoc|x64.Build.0 = Release|x64
		{B6CB1FF1-0858-4B9D-BBC9-F807F6089EC7}.Ad-Hoc|x64.Deploy.0 = Release|x64
		{B6CB1FF1-0858-4B9D-BBC9-F807F6089EC7}.Ad-Hoc|x86.ActiveCfg = Release|x86
		{B6CB1FF1-0858-4B9D-BBC9-F807F6089EC7}.Ad-Hoc|x86.Build.0 = Release|x86
		{B6CB1FF1-0858-4B9D-BBC9-F807F6089EC7}.Ad-Hoc|x86.Deploy.0 = Release|x86
		{B6CB1FF1-0858-4B9D-BBC9-F807F6089EC7}.AppStore|Any CPU.ActiveCfg = Release|x64
		{B6CB1FF1-0858-4B9D-BBC9-F807F6089EC7}.AppStore|Any CPU.Build.0 = Release|x64
		{B6CB1FF1-0858-4B9D-BBC9-F807F6089EC7}.AppStore|Any CPU.Deploy.0 = Release|x64
		{B6CB1FF1-0858-4B9D-BBC9-F807F6089EC7}.AppStore|ARM.ActiveCfg = Release|ARM
		{B6CB1FF1-0858-4B9D-BBC9-F807F6089EC7}.AppStore|ARM.Build.0 = Release|ARM
		{B6CB1FF1-0858-4B9D-BBC9-F807F6089EC7}.AppStore|ARM.Deploy.0 = Release|ARM
		{B6CB1FF1-0858-4B9D-BBC9-F807F6089EC7}.AppStore|iPhone.ActiveCfg = Release|x64
		{B6CB1FF1-0858-4B9D-BBC9-F807F6089EC7}.AppStore|iPhone.Build.0 = Release|x64
		{B6CB1FF1-0858-4B9D-BBC9-F807F6089EC7}.AppStore|iPhone.Deploy.0 = Release|x64
		{B6CB1FF1-0858-4B9D-BBC9-F807F6089EC7}.AppStore|iPhoneSimulator.ActiveCfg = Release|x64
		{B6CB1FF1-0858-4B9D-BBC9-F807F6089EC7}.AppStore|iPhoneSimulator.Build.0 = Release|x64
		{B6CB1FF1-0858-4B9D-BBC9-F807F6089EC7}.AppStore|iPhoneSimulator.Deploy.0 = Release|x64
		{B6CB1FF1-0858-4B9D-BBC9-F807F6089EC7}.AppStore|x64.ActiveCfg = Release|x64
		{B6CB1FF1-0858-4B9D-BBC9-F807F6089EC7}.AppStore|x64.Build.0 = Release|x64
		{B6CB1FF1-0858-4B9D-BBC9-F807F6089EC7}.AppStore|x64.Deploy.0 = Release|x64
		{B6CB1FF1-0858-4B9D-BBC9-F807F6089EC7}.AppStore|x86.ActiveCfg = Release|x86
		{B6CB1FF1-0858-4B9D-BBC9-F807F6089EC7}.AppStore|x86.Build.0 = Release|x86
		{B6CB1FF1-0858-4B9D-BBC9-F807F6089EC7}.AppStore|x86.Deploy.0 = Release|x86
		{B6CB1FF1-0858-4B9D-BBC9-F807F6089EC7}.Debug|Any CPU.ActiveCfg = Debug|x86
		{B6CB1FF1-0858-4B9D-BBC9-F807F6089EC7}.Debug|ARM.ActiveCfg = Debug|ARM
		{B6CB1FF1-0858-4B9D-BBC9-F807F6089EC7}.Debug|ARM.Build.0 = Debug|ARM
		{B6CB1FF1-0858-4B9D-BBC9-F807F6089EC7}.Debug|ARM.Deploy.0 = Debug|ARM
		{B6CB1FF1-0858-4B9D-BBC9-F807F6089EC7}.Debug|iPhone.ActiveCfg = Debug|x86
		{B6CB1FF1-0858-4B9D-BBC9-F807F6089EC7}.Debug|iPhoneSimulator.ActiveCfg = Debug|x86
		{B6CB1FF1-0858-4B9D-BBC9-F807F6089EC7}.Debug|x64.ActiveCfg = Debug|x64
		{B6CB1FF1-0858-4B9D-BBC9-F807F6089EC7}.Debug|x64.Build.0 = Debug|x64
		{B6CB1FF1-0858-4B9D-BBC9-F807F6089EC7}.Debug|x64.Deploy.0 = Debug|x64
		{B6CB1FF1-0858-4B9D-BBC9-F807F6089EC7}.Debug|x86.ActiveCfg = Debug|x86
		{B6CB1FF1-0858-4B9D-BBC9-F807F6089EC7}.Debug|x86.Build.0 = Debug|x86
		{B6CB1FF1-0858-4B9D-BBC9-F807F6089EC7}.Debug|x86.Deploy.0 = Debug|x86
		{B6CB1FF1-0858-4B9D-BBC9-F807F6089EC7}.Release|Any CPU.ActiveCfg = Release|x86
		{B6CB1FF1-0858-4B9D-BBC9-F807F6089EC7}.Release|ARM.ActiveCfg = Release|ARM
		{B6CB1FF1-0858-4B9D-BBC9-F807F6089EC7}.Release|ARM.Build.0 = Release|ARM
		{B6CB1FF1-0858-4B9D-BBC9-F807F6089EC7}.Release|ARM.Deploy.0 = Release|ARM
		{B6CB1FF1-0858-4B9D-BBC9-F807F6089EC7}.Release|iPhone.ActiveCfg = Release|x86
		{B6CB1FF1-0858-4B9D-BBC9-F807F6089EC7}.Release|iPhoneSimulator.ActiveCfg = Release|x86
		{B6CB1FF1-0858-4B9D-BBC9-F807F6089EC7}.Release|x64.ActiveCfg = Release|x64
		{B6CB1FF1-0858-4B9D-BBC9-F807F6089EC7}.Release|x64.Build.0 = Release|x64
		{B6CB1FF1-0858-4B9D-BBC9-F807F6089EC7}.Release|x64.Deploy.0 = Release|x64
		{B6CB1FF1-0858-4B9D-BBC9-F807F6089EC7}.Release|x86.ActiveCfg = Release|x86
		{B6CB1FF1-0858-4B9D-BBC9-F807F6089EC7}.Release|x86.Build.0 = Release|x86
		{B6CB1FF1-0858-4B9D-BBC9-F807F6089EC7}.Release|x86.Deploy.0 = Release|x86
		{460FEC1A-CDB5-493D-9778-76A3158F7845}.Ad-Hoc|Any CPU.ActiveCfg = Release|Any CPU
		{460FEC1A-CDB5-493D-9778-76A3158F7845}.Ad-Hoc|Any CPU.Build.0 = Release|Any CPU
		{460FEC1A-CDB5-493D-9778-76A3158F7845}.Ad-Hoc|ARM.ActiveCfg = Release|Any CPU
		{460FEC1A-CDB5-493D-9778-76A3158F7845}.Ad-Hoc|ARM.Build.0 = Release|Any CPU
		{460FEC1A-CDB5-493D-9778-76A3158F7845}.Ad-Hoc|iPhone.ActiveCfg = Release|Any CPU
		{460FEC1A-CDB5-493D-9778-76A3158F7845}.Ad-Hoc|iPhone.Build.0 = Release|Any CPU
		{460FEC1A-CDB5-493D-9778-76A3158F7845}.Ad-Hoc|iPhoneSimulator.ActiveCfg = Release|Any CPU
		{460FEC1A-CDB5-493D-9778-76A3158F7845}.Ad-Hoc|iPhoneSimulator.Build.0 = Release|Any CPU
		{460FEC1A-CDB5-493D-9778-76A3158F7845}.Ad-Hoc|x64.ActiveCfg = Release|Any CPU
		{460FEC1A-CDB5-493D-9778-76A3158F7845}.Ad-Hoc|x64.Build.0 = Release|Any CPU
		{460FEC1A-CDB5-493D-9778-76A3158F7845}.Ad-Hoc|x86.ActiveCfg = Release|Any CPU
		{460FEC1A-CDB5-493D-9778-76A3158F7845}.Ad-Hoc|x86.Build.0 = Release|Any CPU
		{460FEC1A-CDB5-493D-9778-76A3158F7845}.AppStore|Any CPU.ActiveCfg = Release|Any CPU
		{460FEC1A-CDB5-493D-9778-76A3158F7845}.AppStore|Any CPU.Build.0 = Release|Any CPU
		{460FEC1A-CDB5-493D-9778-76A3158F7845}.AppStore|ARM.ActiveCfg = Release|Any CPU
		{460FEC1A-CDB5-493D-9778-76A3158F7845}.AppStore|ARM.Build.0 = Release|Any CPU
		{460FEC1A-CDB5-493D-9778-76A3158F7845}.AppStore|iPhone.ActiveCfg = Release|Any CPU
		{460FEC1A-CDB5-493D-9778-76A3158F7845}.AppStore|iPhone.Build.0 = Release|Any CPU
		{460FEC1A-CDB5-493D-9778-76A3158F7845}.AppStore|iPhoneSimulator.ActiveCfg = Release|Any CPU
		{460FEC1A-CDB5-493D-9778-76A3158F7845}.AppStore|iPhoneSimulator.Build.0 = Release|Any CPU
		{460FEC1A-CDB5-493D-9778-76A3158F7845}.AppStore|x64.ActiveCfg = Release|Any CPU
		{460FEC1A-CDB5-493D-9778-76A3158F7845}.AppStore|x64.Build.0 = Release|Any CPU
		{460FEC1A-CDB5-493D-9778-76A3158F7845}.AppStore|x86.ActiveCfg = Release|Any CPU
		{460FEC1A-CDB5-493D-9778-76A3158F7845}.AppStore|x86.Build.0 = Release|Any CPU
		{460FEC1A-CDB5-493D-9778-76A3158F7845}.Debug|Any CPU.ActiveCfg = Debug|Any CPU
		{460FEC1A-CDB5-493D-9778-76A3158F7845}.Debug|Any CPU.Build.0 = Debug|Any CPU
		{460FEC1A-CDB5-493D-9778-76A3158F7845}.Debug|ARM.ActiveCfg = Debug|Any CPU
		{460FEC1A-CDB5-493D-9778-76A3158F7845}.Debug|ARM.Build.0 = Debug|Any CPU
		{460FEC1A-CDB5-493D-9778-76A3158F7845}.Debug|iPhone.ActiveCfg = Debug|Any CPU
		{460FEC1A-CDB5-493D-9778-76A3158F7845}.Debug|iPhone.Build.0 = Debug|Any CPU
		{460FEC1A-CDB5-493D-9778-76A3158F7845}.Debug|iPhoneSimulator.ActiveCfg = Debug|Any CPU
		{460FEC1A-CDB5-493D-9778-76A3158F7845}.Debug|iPhoneSimulator.Build.0 = Debug|Any CPU
		{460FEC1A-CDB5-493D-9778-76A3158F7845}.Debug|x64.ActiveCfg = Debug|Any CPU
		{460FEC1A-CDB5-493D-9778-76A3158F7845}.Debug|x64.Build.0 = Debug|Any CPU
		{460FEC1A-CDB5-493D-9778-76A3158F7845}.Debug|x86.ActiveCfg = Debug|Any CPU
		{460FEC1A-CDB5-493D-9778-76A3158F7845}.Debug|x86.Build.0 = Debug|Any CPU
		{460FEC1A-CDB5-493D-9778-76A3158F7845}.Release|Any CPU.ActiveCfg = Release|Any CPU
		{460FEC1A-CDB5-493D-9778-76A3158F7845}.Release|Any CPU.Build.0 = Release|Any CPU
		{460FEC1A-CDB5-493D-9778-76A3158F7845}.Release|ARM.ActiveCfg = Release|Any CPU
		{460FEC1A-CDB5-493D-9778-76A3158F7845}.Release|ARM.Build.0 = Release|Any CPU
		{460FEC1A-CDB5-493D-9778-76A3158F7845}.Release|iPhone.ActiveCfg = Release|Any CPU
		{460FEC1A-CDB5-493D-9778-76A3158F7845}.Release|iPhone.Build.0 = Release|Any CPU
		{460FEC1A-CDB5-493D-9778-76A3158F7845}.Release|iPhoneSimulator.ActiveCfg = Release|Any CPU
		{460FEC1A-CDB5-493D-9778-76A3158F7845}.Release|iPhoneSimulator.Build.0 = Release|Any CPU
		{460FEC1A-CDB5-493D-9778-76A3158F7845}.Release|x64.ActiveCfg = Release|Any CPU
		{460FEC1A-CDB5-493D-9778-76A3158F7845}.Release|x64.Build.0 = Release|Any CPU
		{460FEC1A-CDB5-493D-9778-76A3158F7845}.Release|x86.ActiveCfg = Release|Any CPU
		{460FEC1A-CDB5-493D-9778-76A3158F7845}.Release|x86.Build.0 = Release|Any CPU
	EndGlobalSection
	GlobalSection(SolutionProperties) = preSolution
		HideSolutionNode = FALSE
	EndGlobalSection
	GlobalSection(ExtensibilityGlobals) = postSolution
		SolutionGuid = {F5399188-2304-4703-A27B-E19C3C4F7F2B}
	EndGlobalSection
EndGlobal
